
Microsoft Visual Studio Solution File, Format Version 12.00
# Visual Studio Version 17
VisualStudioVersion = 17.6.33712.159
MinimumVisualStudioVersion = 10.0.40219.1
Project("{9A19103F-16F7-4668-BE54-9A1E7A4F7556}") = "BankDirectoryApi.API", "BankDirectoryAPI\BankDirectoryApi.API.csproj", "{B4C1C7D4-E4CD-4B74-A489-784F2A6C0FA0}"
EndProject
Project("{FAE04EC0-301F-11D3-BF4B-00C04F79EFBC}") = "BankDirectoryApi.Application", "BankDirectoryApi.Application\BankDirectoryApi.Application.csproj", "{DCB6C6B1-2AFC-42C7-B877-4C42FE9030B0}"
EndProject
Project("{FAE04EC0-301F-11D3-BF4B-00C04F79EFBC}") = "BankDirectoryApi.Domain", "BankDirectoryApi.Domain\BankDirectoryApi.Domain.csproj", "{03B2B138-EE1E-430F-9624-C51FAF42D0CD}"
EndProject
Project("{FAE04EC0-301F-11D3-BF4B-00C04F79EFBC}") = "BankDirectoryApi.Infrastructure", "BankDirectoryApi.Infrastructure\BankDirectoryApi.Infrastructure.csproj", "{50BC038E-4FE3-4BC2-847A-452C829C70A6}"
EndProject
Project("{FAE04EC0-301F-11D3-BF4B-00C04F79EFBC}") = "BankDirectoryApi.Common", "BankDirectoryApi.Common\BankDirectoryApi.Common.csproj", "{95A55130-A503-49C3-8469-C90005E7F2D7}"
EndProject
Project("{2150E333-8FDC-42A3-9474-1A3956D46DE8}") = "Solution Items", "Solution Items", "{B1A1A14B-1251-4B68-A98B-319A64BB77B5}"
	ProjectSection(SolutionItems) = preProject
		Notes.txt = Notes.txt
	EndProjectSection
EndProject
Project("{FAE04EC0-301F-11D3-BF4B-00C04F79EFBC}") = "BankDirectoryApi.UnitTests", "BankDirectoryApi.UnitTests\BankDirectoryApi.UnitTests.csproj", "{3BC55B39-E789-4676-8A7B-47E8C1C32643}"
EndProject
Project("{FAE04EC0-301F-11D3-BF4B-00C04F79EFBC}") = "BankDirectoryApi.IntegrationTestss", "BankDirectoryApi.IntegrationTestss\BankDirectoryApi.IntegrationTestss.csproj", "{26E4F26D-C17F-4856-B39E-FF367A1B73B9}"
EndProject
Global
	GlobalSection(SolutionConfigurationPlatforms) = preSolution
		Debug|Any CPU = Debug|Any CPU
		Release|Any CPU = Release|Any CPU
	EndGlobalSection
	GlobalSection(ProjectConfigurationPlatforms) = postSolution
		{B4C1C7D4-E4CD-4B74-A489-784F2A6C0FA0}.Debug|Any CPU.ActiveCfg = Debug|Any CPU
		{B4C1C7D4-E4CD-4B74-A489-784F2A6C0FA0}.Debug|Any CPU.Build.0 = Debug|Any CPU
		{B4C1C7D4-E4CD-4B74-A489-784F2A6C0FA0}.Release|Any CPU.ActiveCfg = Release|Any CPU
		{B4C1C7D4-E4CD-4B74-A489-784F2A6C0FA0}.Release|Any CPU.Build.0 = Release|Any CPU
		{DCB6C6B1-2AFC-42C7-B877-4C42FE9030B0}.Debug|Any CPU.ActiveCfg = Debug|Any CPU
		{DCB6C6B1-2AFC-42C7-B877-4C42FE9030B0}.Debug|Any CPU.Build.0 = Debug|Any CPU
		{DCB6C6B1-2AFC-42C7-B877-4C42FE9030B0}.Release|Any CPU.ActiveCfg = Release|Any CPU
		{DCB6C6B1-2AFC-42C7-B877-4C42FE9030B0}.Release|Any CPU.Build.0 = Release|Any CPU
		{03B2B138-EE1E-430F-9624-C51FAF42D0CD}.Debug|Any CPU.ActiveCfg = Debug|Any CPU
		{03B2B138-EE1E-430F-9624-C51FAF42D0CD}.Debug|Any CPU.Build.0 = Debug|Any CPU
		{03B2B138-EE1E-430F-9624-C51FAF42D0CD}.Release|Any CPU.ActiveCfg = Release|Any CPU
		{03B2B138-EE1E-430F-9624-C51FAF42D0CD}.Release|Any CPU.Build.0 = Release|Any CPU
		{50BC038E-4FE3-4BC2-847A-452C829C70A6}.Debug|Any CPU.ActiveCfg = Debug|Any CPU
		{50BC038E-4FE3-4BC2-847A-452C829C70A6}.Debug|Any CPU.Build.0 = Debug|Any CPU
		{50BC038E-4FE3-4BC2-847A-452C829C70A6}.Release|Any CPU.ActiveCfg = Release|Any CPU
		{50BC038E-4FE3-4BC2-847A-452C829C70A6}.Release|Any CPU.Build.0 = Release|Any CPU
		{95A55130-A503-49C3-8469-C90005E7F2D7}.Debug|Any CPU.ActiveCfg = Debug|Any CPU
		{95A55130-A503-49C3-8469-C90005E7F2D7}.Debug|Any CPU.Build.0 = Debug|Any CPU
		{95A55130-A503-49C3-8469-C90005E7F2D7}.Release|Any CPU.ActiveCfg = Release|Any CPU
		{95A55130-A503-49C3-8469-C90005E7F2D7}.Release|Any CPU.Build.0 = Release|Any CPU
		{3BC55B39-E789-4676-8A7B-47E8C1C32643}.Debug|Any CPU.ActiveCfg = Debug|Any CPU
		{3BC55B39-E789-4676-8A7B-47E8C1C32643}.Debug|Any CPU.Build.0 = Debug|Any CPU
		{3BC55B39-E789-4676-8A7B-47E8C1C32643}.Release|Any CPU.ActiveCfg = Release|Any CPU
		{3BC55B39-E789-4676-8A7B-47E8C1C32643}.Release|Any CPU.Build.0 = Release|Any CPU
		{26E4F26D-C17F-4856-B39E-FF367A1B73B9}.Debug|Any CPU.ActiveCfg = Debug|Any CPU
		{26E4F26D-C17F-4856-B39E-FF367A1B73B9}.Debug|Any CPU.Build.0 = Debug|Any CPU
		{26E4F26D-C17F-4856-B39E-FF367A1B73B9}.Release|Any CPU.ActiveCfg = Release|Any CPU
		{26E4F26D-C17F-4856-B39E-FF367A1B73B9}.Release|Any CPU.Build.0 = Release|Any CPU
	EndGlobalSection
	GlobalSection(SolutionProperties) = preSolution
		HideSolutionNode = FALSE
	EndGlobalSection
	GlobalSection(ExtensibilityGlobals) = postSolution
		SolutionGuid = {2D85D3AA-C21F-4115-9BF1-D0749BCAAEF4}
	EndGlobalSection
EndGlobal
